
Microsoft Visual Studio Solution File, Format Version 12.00
# Visual Studio Version 16
VisualStudioVersion = 16.0.31515.178
MinimumVisualStudioVersion = 10.0.40219.1
Project("{FAE04EC0-301F-11D3-BF4B-00C04F79EFBC}") = "HARExtractor", "HARExtractor\HARExtractor.csproj", "{028BA3B4-A990-4F48-9F22-E870AA45CB3D}"
EndProject
Global
	GlobalSection(SolutionConfigurationPlatforms) = preSolution
		Debug|Any CPU = Debug|Any CPU
		Release|Any CPU = Release|Any CPU
	EndGlobalSection
	GlobalSection(ProjectConfigurationPlatforms) = postSolution
		{028BA3B4-A990-4F48-9F22-E870AA45CB3D}.Debug|Any CPU.ActiveCfg = Debug|Any CPU
		{028BA3B4-A990-4F48-9F22-E870AA45CB3D}.Debug|Any CPU.Build.0 = Debug|Any CPU
		{028BA3B4-A990-4F48-9F22-E870AA45CB3D}.Release|Any CPU.ActiveCfg = Release|Any CPU
		{028BA3B4-A990-4F48-9F22-E870AA45CB3D}.Release|Any CPU.Build.0 = Release|Any CPU
	EndGlobalSection
	GlobalSection(SolutionProperties) = preSolution
		HideSolutionNode = FALSE
	EndGlobalSection
	GlobalSection(ExtensibilityGlobals) = postSolution
		SolutionGuid = {303AC1F8-8ADD-493E-A21D-D8D0C340CB57}
	EndGlobalSection
EndGlobal
